{
  "name": "three-layer-typescript-cake",
  "version": "1.0.0",
  "lockfileVersion": 1,
  "requires": true,
  "dependencies": {
    "@morphic-ts/adt": {
      "version": "0.3.2",
      "resolved": "https://registry.npmjs.org/@morphic-ts/adt/-/adt-0.3.2.tgz",
      "integrity": "sha512-THltU+255D0CV8kQgz6VRNi8LFJtW/3nB6YwF6PPZa1bYLCKzSn0BbGNu3u+rqVSqQkX10wJqfxfTFIDGpk2+Q==",
      "requires": {
        "fp-ts": "^2.4.1",
        "monocle-ts": "^2.0.1"
      }
    },
    "@morphic-ts/algebras": {
      "version": "0.3.2",
      "resolved": "https://registry.npmjs.org/@morphic-ts/algebras/-/algebras-0.3.2.tgz",
      "integrity": "sha512-m/Y+sorz/RLLdhFI76gdk/dMcT1oiDUFs1SeH942dvock/ZhZRiCCKmNSVFRci4q6PAEj9gXTuXqvhKZtuz3aw==",
      "requires": {
        "@morphic-ts/common": "^0.3.2"
      }
    },
    "@morphic-ts/batteries": {
      "version": "0.3.4",
      "resolved": "https://registry.npmjs.org/@morphic-ts/batteries/-/batteries-0.3.4.tgz",
      "integrity": "sha512-x7MOvwtBB0geC+DsZYZ+LKN0GcbNh5zllPeL2fEfvvp//PXuknQ9tAxLETrYqgz+OMHTa8nQ6akPihur4ynYLQ==",
      "requires": {
        "@morphic-ts/adt": "^0.3.2",
        "@morphic-ts/algebras": "^0.3.2",
        "@morphic-ts/common": "^0.3.2",
        "@morphic-ts/eq-interpreters": "^0.3.2",
        "@morphic-ts/fastcheck-interpreters": "^0.3.2",
        "@morphic-ts/io-ts-interpreters": "^0.3.2",
        "@morphic-ts/json-schema-interpreters": "^0.3.2",
        "@morphic-ts/model-algebras": "^0.3.2",
        "@morphic-ts/ord-interpreters": "^0.3.2",
        "@morphic-ts/show-interpreters": "^0.3.2",
        "fast-equals": "^2.0.0",
        "fp-ts": "^2.4.1",
        "io-ts": "^2.0.6",
        "io-ts-types": "^0.5.5",
        "monocle-ts": "^2.0.1",
        "newtype-ts": "^0.3.3"
      }
    },
    "@morphic-ts/common": {
      "version": "0.3.2",
      "resolved": "https://registry.npmjs.org/@morphic-ts/common/-/common-0.3.2.tgz",
      "integrity": "sha512-fM6ein0VRHuSjTRLDuFecq6pPjR2mkdEchD//rNLi5BkLXyAV0IPmAEXyyQ4OTNc2TNqnucRU4OSM6GzhWObnA=="
    },
    "@morphic-ts/eq-interpreters": {
      "version": "0.3.2",
      "resolved": "https://registry.npmjs.org/@morphic-ts/eq-interpreters/-/eq-interpreters-0.3.2.tgz",
      "integrity": "sha512-bdXN7jB1OB9JAEJcbN+P/oTRrbgh7AMvhPE13vcRHLvPQNLrM3u+c4TgArL/BCEHcAR0ZVRfnwe0hqJUQnUtpg==",
      "requires": {
        "@morphic-ts/algebras": "^0.3.2",
        "@morphic-ts/common": "^0.3.2",
        "@morphic-ts/model-algebras": "^0.3.2",
        "fast-equals": "^2.0.0",
        "fp-ts": "^2.4.1"
      }
    },
    "@morphic-ts/fastcheck-interpreters": {
      "version": "0.3.2",
      "resolved": "https://registry.npmjs.org/@morphic-ts/fastcheck-interpreters/-/fastcheck-interpreters-0.3.2.tgz",
      "integrity": "sha512-dOGR5+DPtrjUh+NOXtYYg/Q1LY2kwQ+pYODvicQAUlkuH+Ywtip8waCqCERKMVSt+4BX8DHMPfjuKJ4jzgdF9w==",
      "requires": {
        "@morphic-ts/algebras": "^0.3.2",
        "@morphic-ts/common": "^0.3.2",
        "@morphic-ts/model-algebras": "^0.3.2",
        "fast-check": "^1.22.1",
        "fp-ts": "^2.4.1"
      }
    },
    "@morphic-ts/io-ts-interpreters": {
      "version": "0.3.2",
      "resolved": "https://registry.npmjs.org/@morphic-ts/io-ts-interpreters/-/io-ts-interpreters-0.3.2.tgz",
      "integrity": "sha512-HqNOX96sey1qMlnb56bNmKgOq0I2p4Dm/60itfi+5wA3KX3fACI74Z19EmlLPdYxmjnvxF0CIyXapV6xwQMNCw==",
      "requires": {
        "@morphic-ts/algebras": "^0.3.2",
        "@morphic-ts/common": "^0.3.2",
        "@morphic-ts/model-algebras": "^0.3.2",
        "fp-ts": "^2.4.1",
        "io-ts": "^2.0.6"
      }
    },
    "@morphic-ts/json-schema-interpreters": {
      "version": "0.3.2",
      "resolved": "https://registry.npmjs.org/@morphic-ts/json-schema-interpreters/-/json-schema-interpreters-0.3.2.tgz",
      "integrity": "sha512-Ss6LYPevYED3aWNG6RvJySsBSSd1AJVg2helAm1ndF8DCD42n9q0xxL3bWb7jMemvsaeI3/Zw52cO4g7uqSTJQ==",
      "requires": {
        "@morphic-ts/algebras": "^0.3.2",
        "@morphic-ts/common": "^0.3.2",
        "@morphic-ts/model-algebras": "^0.3.2",
        "fp-ts": "^2.4.1"
      }
    },
    "@morphic-ts/model-algebras": {
      "version": "0.3.2",
      "resolved": "https://registry.npmjs.org/@morphic-ts/model-algebras/-/model-algebras-0.3.2.tgz",
      "integrity": "sha512-lC98bk+DuBTE2DqEpD2JakUZgBD+GWci+5pdkb5OFEdXS2M6523DCKsp4xjEyizwR8lg19dNYsx2rLp2p86JQg==",
      "requires": {
        "@morphic-ts/algebras": "^0.3.2",
        "@morphic-ts/common": "^0.3.2",
        "fp-ts": "^2.4.1"
      }
    },
    "@morphic-ts/ord-interpreters": {
      "version": "0.3.2",
      "resolved": "https://registry.npmjs.org/@morphic-ts/ord-interpreters/-/ord-interpreters-0.3.2.tgz",
      "integrity": "sha512-7AT/1OPcw+uKenNfAnbQFkJVcAvJsR7YSuZorFi9D6u7PPzzFLpkaHj7+8dSUEga+U/ATrOrPruIJis5x1M7xw==",
      "requires": {
        "@morphic-ts/algebras": "^0.3.2",
        "@morphic-ts/common": "^0.3.2",
        "@morphic-ts/model-algebras": "^0.3.2",
        "fp-ts": "^2.4.1"
      }
    },
    "@morphic-ts/show-interpreters": {
      "version": "0.3.2",
      "resolved": "https://registry.npmjs.org/@morphic-ts/show-interpreters/-/show-interpreters-0.3.2.tgz",
      "integrity": "sha512-RNduZGvnPwnZFrpjP+fuzsPoBlDNam9sncVQVmd+rXm1U0FG+2EOn7QFjFihJguHruf7fu9LDPCUE+cHSA9gTQ==",
      "requires": {
        "@morphic-ts/algebras": "^0.3.2",
        "@morphic-ts/common": "^0.3.2",
        "@morphic-ts/model-algebras": "^0.3.2",
        "fp-ts": "^2.4.1"
      }
    },
    "@types/aws-lambda": {
      "version": "8.10.40",
      "resolved": "https://registry.npmjs.org/@types/aws-lambda/-/aws-lambda-8.10.40.tgz",
      "integrity": "sha512-D0hOUw2y6in/cPWv0JMMCBnO3Hc/DNeLi8QQ1wymwk9Eixh6IFgVnCGJnUHefjxKEAVxL7z6LKBsFUrIjKygRg=="
    },
    "fast-check": {
      "version": "1.22.2",
      "resolved": "https://registry.npmjs.org/fast-check/-/fast-check-1.22.2.tgz",
      "integrity": "sha512-c5TzJXjw9q9BpUsszLvHHN1J/7kwPYbBvCuoc9+pGeF0DaKWBtK/htEHohz5Tfz4lDPI42oOla1HYeEndfYHKw==",
      "requires": {
        "pure-rand": "^2.0.0",
        "tslib": "^1.10.0"
      }
    },
    "fast-equals": {
      "version": "2.0.0",
      "resolved": "https://registry.npmjs.org/fast-equals/-/fast-equals-2.0.0.tgz",
      "integrity": "sha512-u6RBd8cSiLLxAiC04wVsLV6GBFDOXcTCgWkd3wEoFXgidPSoAJENqC9m7Jb2vewSvjBIfXV6icKeh3GTKfIaXA=="
    },
    "fp-ts": {
      "version": "2.4.4",
      "resolved": "https://registry.npmjs.org/fp-ts/-/fp-ts-2.4.4.tgz",
      "integrity": "sha512-J5wFa/BzT57A+DIvwAYS5LTsbRiXsvF9hsefP3ZfzsHLuWGjtHAheG1WscG1tX3og1PDZyv6mZAUTlpH1MmHhA=="
    },
    "io-ts": {
      "version": "2.1.0",
      "resolved": "https://registry.npmjs.org/io-ts/-/io-ts-2.1.0.tgz",
      "integrity": "sha512-GnTYtJRVu8L9QEhJrkJBaVr6aR13IBH+MEIeq0WW0IE1zIk9XzMNqqf220p8InJGYwuoHNTVsHDvBQzFIp4ieg=="
    },
    "io-ts-types": {
      "version": "0.5.5",
      "resolved": "https://registry.npmjs.org/io-ts-types/-/io-ts-types-0.5.5.tgz",
      "integrity": "sha512-REkSSrgkfxFzDy32dsrPiQqGERO2o4KUtSox96B4ZKFSiB5mg0zl4cXl072TvROzcvuc0zGPlFzrRTYWaTcj/w=="
    },
    "monocle-ts": {
      "version": "2.1.0",
      "resolved": "https://registry.npmjs.org/monocle-ts/-/monocle-ts-2.1.0.tgz",
      "integrity": "sha512-YWH8TDcZSEeCaxp0ZjgccLChnaDvTiUHILpuI0DSZeASYSCgwdz+h6+uEG4QCwYreGsn1oI18ysrcUPv6xWK7w=="
    },
    "newtype-ts": {
      "version": "0.3.4",
      "resolved": "https://registry.npmjs.org/newtype-ts/-/newtype-ts-0.3.4.tgz",
      "integrity": "sha512-lFJnWAt0oXX1j1ErNy9RU5+FPNtVyzugHW2MchaaMiOeeS9LEmqAAOqyHPFQ0Uw895jStSYGSCslrByzYxFJYQ=="
    },
    "pure-rand": {
      "version": "2.0.0",
      "resolved": "https://registry.npmjs.org/pure-rand/-/pure-rand-2.0.0.tgz",
      "integrity": "sha512-mk98aayyd00xbfHgE3uEmAUGzz3jCdm8Mkf5DUXUhc7egmOaGG2D7qhVlynGenNe9VaNJZvzO9hkc8myuTkDgw=="
    },
    "tslib": {
      "version": "1.10.0",
      "resolved": "https://registry.npmjs.org/tslib/-/tslib-1.10.0.tgz",
      "integrity": "sha512-qOebF53frne81cf0S9B41ByenJ3/IuH8yJKngAX35CmiZySA0khhkovshKK+jGCaMnVomla7gVlIcc3EvKPbTQ=="
    }
  }
}
